
Microsoft Visual Studio Solution File, Format Version 12.00
# Visual Studio Version 17
VisualStudioVersion = 17.8.34525.116
MinimumVisualStudioVersion = 10.0.40219.1
Project("{FAE04EC0-301F-11D3-BF4B-00C04F79EFBC}") = "Model", "Model\Model.csproj", "{5FDCCEC2-3513-479B-B1F1-ED0745923E93}"
EndProject
Project("{FAE04EC0-301F-11D3-BF4B-00C04F79EFBC}") = "DAL", "DAL\DAL.csproj", "{AE69EFE8-D1F3-44A4-9DD2-56082928F7D2}"
EndProject
Project("{FAE04EC0-301F-11D3-BF4B-00C04F79EFBC}") = "BLL", "BLL\BLL.csproj", "{754AEA9C-9DB3-4FF9-B8AE-10275732F37C}"
EndProject
Project("{FAE04EC0-301F-11D3-BF4B-00C04F79EFBC}") = "UI", "UI\UI.csproj", "{5E4C912E-E7B2-40C2-9A24-72413AE0B40E}"
EndProject
Global
	GlobalSection(SolutionConfigurationPlatforms) = preSolution
		Debug|Any CPU = Debug|Any CPU
		Release|Any CPU = Release|Any CPU
	EndGlobalSection
	GlobalSection(ProjectConfigurationPlatforms) = postSolution
		{5FDCCEC2-3513-479B-B1F1-ED0745923E93}.Debug|Any CPU.ActiveCfg = Debug|Any CPU
		{5FDCCEC2-3513-479B-B1F1-ED0745923E93}.Debug|Any CPU.Build.0 = Debug|Any CPU
		{5FDCCEC2-3513-479B-B1F1-ED0745923E93}.Release|Any CPU.ActiveCfg = Release|Any CPU
		{5FDCCEC2-3513-479B-B1F1-ED0745923E93}.Release|Any CPU.Build.0 = Release|Any CPU
		{AE69EFE8-D1F3-44A4-9DD2-56082928F7D2}.Debug|Any CPU.ActiveCfg = Debug|Any CPU
		{AE69EFE8-D1F3-44A4-9DD2-56082928F7D2}.Debug|Any CPU.Build.0 = Debug|Any CPU
		{AE69EFE8-D1F3-44A4-9DD2-56082928F7D2}.Release|Any CPU.ActiveCfg = Release|Any CPU
		{AE69EFE8-D1F3-44A4-9DD2-56082928F7D2}.Release|Any CPU.Build.0 = Release|Any CPU
		{754AEA9C-9DB3-4FF9-B8AE-10275732F37C}.Debug|Any CPU.ActiveCfg = Debug|Any CPU
		{754AEA9C-9DB3-4FF9-B8AE-10275732F37C}.Debug|Any CPU.Build.0 = Debug|Any CPU
		{754AEA9C-9DB3-4FF9-B8AE-10275732F37C}.Release|Any CPU.ActiveCfg = Release|Any CPU
		{754AEA9C-9DB3-4FF9-B8AE-10275732F37C}.Release|Any CPU.Build.0 = Release|Any CPU
		{5E4C912E-E7B2-40C2-9A24-72413AE0B40E}.Debug|Any CPU.ActiveCfg = Debug|Any CPU
		{5E4C912E-E7B2-40C2-9A24-72413AE0B40E}.Debug|Any CPU.Build.0 = Debug|Any CPU
		{5E4C912E-E7B2-40C2-9A24-72413AE0B40E}.Release|Any CPU.ActiveCfg = Release|Any CPU
		{5E4C912E-E7B2-40C2-9A24-72413AE0B40E}.Release|Any CPU.Build.0 = Release|Any CPU
	EndGlobalSection
	GlobalSection(SolutionProperties) = preSolution
		HideSolutionNode = FALSE
	EndGlobalSection
	GlobalSection(ExtensibilityGlobals) = postSolution
		SolutionGuid = {5D5D24C4-EE1E-4E99-9D7F-7111A26F1D90}
	EndGlobalSection
EndGlobal
